
Microsoft Visual Studio Solution File, Format Version 12.00
# Visual Studio Version 17
VisualStudioVersion = 17.2.32505.173
MinimumVisualStudioVersion = 10.0.40219.1
Project("{9A19103F-16F7-4668-BE54-9A1E7A4F7556}") = "Test", "Test\Test.csproj", "{28E642A5-D7EA-412B-9C00-E4B1E7147C0A}"
EndProject
Project("{9A19103F-16F7-4668-BE54-9A1E7A4F7556}") = "WpfTestApp", "WpfTestApp\WpfTestApp\WpfTestApp.csproj", "{8687D1C5-563E-411B-BF45-5A2578B705B5}"
EndProject
Global
	GlobalSection(SolutionConfigurationPlatforms) = preSolution
		Debug|Any CPU = Debug|Any CPU
		Debug|x64 = Debug|x64
		Release|Any CPU = Release|Any CPU
		Release|x64 = Release|x64
	EndGlobalSection
	GlobalSection(ProjectConfigurationPlatforms) = postSolution
		{28E642A5-D7EA-412B-9C00-E4B1E7147C0A}.Debug|Any CPU.ActiveCfg = Debug|x64
		{28E642A5-D7EA-412B-9C00-E4B1E7147C0A}.Debug|Any CPU.Build.0 = Debug|x64
		{28E642A5-D7EA-412B-9C00-E4B1E7147C0A}.Debug|x64.ActiveCfg = Debug|x64
		{28E642A5-D7EA-412B-9C00-E4B1E7147C0A}.Debug|x64.Build.0 = Debug|x64
		{28E642A5-D7EA-412B-9C00-E4B1E7147C0A}.Release|Any CPU.ActiveCfg = Release|x64
		{28E642A5-D7EA-412B-9C00-E4B1E7147C0A}.Release|x64.ActiveCfg = Release|x64
		{28E642A5-D7EA-412B-9C00-E4B1E7147C0A}.Release|x64.Build.0 = Release|x64
		{8687D1C5-563E-411B-BF45-5A2578B705B5}.Debug|Any CPU.ActiveCfg = Debug|Any CPU
		{8687D1C5-563E-411B-BF45-5A2578B705B5}.Debug|Any CPU.Build.0 = Debug|Any CPU
		{8687D1C5-563E-411B-BF45-5A2578B705B5}.Debug|x64.ActiveCfg = Debug|x64
		{8687D1C5-563E-411B-BF45-5A2578B705B5}.Debug|x64.Build.0 = Debug|x64
		{8687D1C5-563E-411B-BF45-5A2578B705B5}.Release|Any CPU.ActiveCfg = Release|Any CPU
		{8687D1C5-563E-411B-BF45-5A2578B705B5}.Release|Any CPU.Build.0 = Release|Any CPU
		{8687D1C5-563E-411B-BF45-5A2578B705B5}.Release|x64.ActiveCfg = Release|x64
		{8687D1C5-563E-411B-BF45-5A2578B705B5}.Release|x64.Build.0 = Release|x64
	EndGlobalSection
	GlobalSection(SolutionProperties) = preSolution
		HideSolutionNode = FALSE
	EndGlobalSection
	GlobalSection(ExtensibilityGlobals) = postSolution
		SolutionGuid = {80B92F07-A8AB-4A12-B41F-269F7F70093D}
	EndGlobalSection
EndGlobal
